// !$*UTF8*$!
{
	archiveVersion = 1;
	classes = {
	};
	objectVersion = 50;
	objects = {

/* Begin PBXBuildFile section */
		4348A9BC246FECF600070E1A /* AccountData.swift in Sources */ = {isa = PBXBuildFile; fileRef = 4348A9BB246FECF600070E1A /* AccountData.swift */; };
		4348A9BE246FED3800070E1A /* Account.swift in Sources */ = {isa = PBXBuildFile; fileRef = 4348A9BD246FED3800070E1A /* Account.swift */; };
		4348A9C0246FF0C200070E1A /* AccountRow.swift in Sources */ = {isa = PBXBuildFile; fileRef = 4348A9BF246FF0C200070E1A /* AccountRow.swift */; };
		4348A9C2246FF4B200070E1A /* AccountList.swift in Sources */ = {isa = PBXBuildFile; fileRef = 4348A9C1246FF4B200070E1A /* AccountList.swift */; };
		4348A9C4246FF58200070E1A /* AccountEditor.swift in Sources */ = {isa = PBXBuildFile; fileRef = 4348A9C3246FF58200070E1A /* AccountEditor.swift */; };
		4348A9C62470072300070E1A /* AppView.swift in Sources */ = {isa = PBXBuildFile; fileRef = 4348A9C52470072300070E1A /* AppView.swift */; };
		4348A9C82470075000070E1A /* ChartView.swift in Sources */ = {isa = PBXBuildFile; fileRef = 4348A9C72470075000070E1A /* ChartView.swift */; };
		4348A9CC2470149100070E1A /* PieChartView.swift in Sources */ = {isa = PBXBuildFile; fileRef = 4348A9CB2470149100070E1A /* PieChartView.swift */; };
		4348A9CE24702B1200070E1A /* Histogramview.swift in Sources */ = {isa = PBXBuildFile; fileRef = 4348A9CD24702B1200070E1A /* Histogramview.swift */; };
		439C52862462598600E3F672 /* AppDelegate.swift in Sources */ = {isa = PBXBuildFile; fileRef = 439C52852462598600E3F672 /* AppDelegate.swift */; };
		439C52882462598600E3F672 /* SceneDelegate.swift in Sources */ = {isa = PBXBuildFile; fileRef = 439C52872462598600E3F672 /* SceneDelegate.swift */; };
		439C528C2462598700E3F672 /* Assets.xcassets in Resources */ = {isa = PBXBuildFile; fileRef = 439C528B2462598700E3F672 /* Assets.xcassets */; };
		439C528F2462598700E3F672 /* Preview Assets.xcassets in Resources */ = {isa = PBXBuildFile; fileRef = 439C528E2462598700E3F672 /* Preview Assets.xcassets */; };
		439C52922462598700E3F672 /* LaunchScreen.storyboard in Resources */ = {isa = PBXBuildFile; fileRef = 439C52902462598700E3F672 /* LaunchScreen.storyboard */; };
/* End PBXBuildFile section */

/* Begin PBXFileReference section */
		4348A9BB246FECF600070E1A /* AccountData.swift */ = {isa = PBXFileReference; lastKnownFileType = sourcecode.swift; path = AccountData.swift; sourceTree = "<group>"; };
		4348A9BD246FED3800070E1A /* Account.swift */ = {isa = PBXFileReference; lastKnownFileType = sourcecode.swift; path = Account.swift; sourceTree = "<group>"; };
		4348A9BF246FF0C200070E1A /* AccountRow.swift */ = {isa = PBXFileReference; lastKnownFileType = sourcecode.swift; path = AccountRow.swift; sourceTree = "<group>"; };
		4348A9C1246FF4B200070E1A /* AccountList.swift */ = {isa = PBXFileReference; lastKnownFileType = sourcecode.swift; path = AccountList.swift; sourceTree = "<group>"; };
		4348A9C3246FF58200070E1A /* AccountEditor.swift */ = {isa = PBXFileReference; lastKnownFileType = sourcecode.swift; path = AccountEditor.swift; sourceTree = "<group>"; };
		4348A9C52470072300070E1A /* AppView.swift */ = {isa = PBXFileReference; lastKnownFileType = sourcecode.swift; path = AppView.swift; sourceTree = "<group>"; };
		4348A9C72470075000070E1A /* ChartView.swift */ = {isa = PBXFileReference; lastKnownFileType = sourcecode.swift; path = ChartView.swift; sourceTree = "<group>"; };
		4348A9CB2470149100070E1A /* PieChartView.swift */ = {isa = PBXFileReference; lastKnownFileType = sourcecode.swift; path = PieChartView.swift; sourceTree = "<group>"; };
		4348A9CD24702B1200070E1A /* Histogramview.swift */ = {isa = PBXFileReference; lastKnownFileType = sourcecode.swift; path = Histogramview.swift; sourceTree = "<group>"; };
		439C52822462598600E3F672 /* CRUD.app */ = {isa = PBXFileReference; explicitFileType = wrapper.application; includeInIndex = 0; path = CRUD.app; sourceTree = BUILT_PRODUCTS_DIR; };
		439C52852462598600E3F672 /* AppDelegate.swift */ = {isa = PBXFileReference; lastKnownFileType = sourcecode.swift; path = AppDelegate.swift; sourceTree = "<group>"; };
		439C52872462598600E3F672 /* SceneDelegate.swift */ = {isa = PBXFileReference; lastKnownFileType = sourcecode.swift; path = SceneDelegate.swift; sourceTree = "<group>"; };
		439C528B2462598700E3F672 /* Assets.xcassets */ = {isa = PBXFileReference; lastKnownFileType = folder.assetcatalog; path = Assets.xcassets; sourceTree = "<group>"; };
		439C528E2462598700E3F672 /* Preview Assets.xcassets */ = {isa = PBXFileReference; lastKnownFileType = folder.assetcatalog; path = "Preview Assets.xcassets"; sourceTree = "<group>"; };
		439C52912462598700E3F672 /* Base */ = {isa = PBXFileReference; lastKnownFileType = file.storyboard; name = Base; path = Base.lproj/LaunchScreen.storyboard; sourceTree = "<group>"; };
		439C52932462598700E3F672 /* Info.plist */ = {isa = PBXFileReference; lastKnownFileType = text.plist.xml; path = Info.plist; sourceTree = "<group>"; };
/* End PBXFileReference section */

/* Begin PBXFrameworksBuildPhase section */
		439C527F2462598600E3F672 /* Frameworks */ = {
			isa = PBXFrameworksBuildPhase;
			buildActionMask = 2147483647;
			files = (
			);
			runOnlyForDeploymentPostprocessing = 0;
		};
/* End PBXFrameworksBuildPhase section */

/* Begin PBXGroup section */
		439C52792462598600E3F672 = {
			isa = PBXGroup;
			children = (
				439C52842462598600E3F672 /* CRUD */,
				439C52832462598600E3F672 /* Products */,
			);
			sourceTree = "<group>";
		};
		439C52832462598600E3F672 /* Products */ = {
			isa = PBXGroup;
			children = (
				439C52822462598600E3F672 /* CRUD.app */,
			);
			name = Products;
			sourceTree = "<group>";
		};
		439C52842462598600E3F672 /* CRUD */ = {
			isa = PBXGroup;
			children = (
				439C52852462598600E3F672 /* AppDelegate.swift */,
				439C52872462598600E3F672 /* SceneDelegate.swift */,
				4348A9BB246FECF600070E1A /* AccountData.swift */,
				4348A9BF246FF0C200070E1A /* AccountRow.swift */,
				4348A9C1246FF4B200070E1A /* AccountList.swift */,
				4348A9C52470072300070E1A /* AppView.swift */,
				4348A9C72470075000070E1A /* ChartView.swift */,
				4348A9CD24702B1200070E1A /* Histogramview.swift */,
				4348A9CB2470149100070E1A /* PieChartView.swift */,
				4348A9C3246FF58200070E1A /* AccountEditor.swift */,
				4348A9BD246FED3800070E1A /* Account.swift */,
				439C528B2462598700E3F672 /* Assets.xcassets */,
				439C52902462598700E3F672 /* LaunchScreen.storyboard */,
				439C52932462598700E3F672 /* Info.plist */,
				439C528D2462598700E3F672 /* Preview Content */,
			);
			path = CRUD;
			sourceTree = "<group>";
		};
		439C528D2462598700E3F672 /* Preview Content */ = {
			isa = PBXGroup;
			children = (
				439C528E2462598700E3F672 /* Preview Assets.xcassets */,
			);
			path = "Preview Content";
			sourceTree = "<group>";
		};
/* End PBXGroup section */

/* Begin PBXNativeTarget section */
		439C52812462598600E3F672 /* CRUD */ = {
			isa = PBXNativeTarget;
			buildConfigurationList = 439C52962462598700E3F672 /* Build configuration list for PBXNativeTarget "CRUD" */;
			buildPhases = (
				439C527E2462598600E3F672 /* Sources */,
				439C527F2462598600E3F672 /* Frameworks */,
				439C52802462598600E3F672 /* Resources */,
			);
			buildRules = (
			);
			dependencies = (
			);
			name = CRUD;
			productName = CRUD;
			productReference = 439C52822462598600E3F672 /* CRUD.app */;
			productType = "com.apple.product-type.application";
		};
/* End PBXNativeTarget section */

/* Begin PBXProject section */
		439C527A2462598600E3F672 /* Project object */ = {
			isa = PBXProject;
			attributes = {
				LastSwiftUpdateCheck = 1140;
				LastUpgradeCheck = 1140;
				ORGANIZATIONNAME = "林子平";
				TargetAttributes = {
					439C52812462598600E3F672 = {
						CreatedOnToolsVersion = 11.4.1;
					};
				};
			};
			buildConfigurationList = 439C527D2462598600E3F672 /* Build configuration list for PBXProject "CRUD" */;
			compatibilityVersion = "Xcode 9.3";
			developmentRegion = en;
			hasScannedForEncodings = 0;
			knownRegions = (
				en,
				Base,
			);
			mainGroup = 439C52792462598600E3F672;
			productRefGroup = 439C52832462598600E3F672 /* Products */;
			projectDirPath = "";
			projectRoot = "";
			targets = (
				439C52812462598600E3F672 /* CRUD */,
			);
		};
/* End PBXProject section */

/* Begin PBXResourcesBuildPhase section */
		439C52802462598600E3F672 /* Resources */ = {
			isa = PBXResourcesBuildPhase;
			buildActionMask = 2147483647;
			files = (
				439C52922462598700E3F672 /* LaunchScreen.storyboard in Resources */,
				439C528F2462598700E3F672 /* Preview Assets.xcassets in Resources */,
				439C528C2462598700E3F672 /* Assets.xcassets in Resources */,
			);
			runOnlyForDeploymentPostprocessing = 0;
		};
/* End PBXResourcesBuildPhase section */

/* Begin PBXSourcesBuildPhase section */
		439C527E2462598600E3F672 /* Sources */ = {
			isa = PBXSourcesBuildPhase;
			buildActionMask = 2147483647;
			files = (
				4348A9C0246FF0C200070E1A /* AccountRow.swift in Sources */,
				4348A9BE246FED3800070E1A /* Account.swift in Sources */,
				4348A9C62470072300070E1A /* AppView.swift in Sources */,
				4348A9CE24702B1200070E1A /* Histogramview.swift in Sources */,
				4348A9C82470075000070E1A /* ChartView.swift in Sources */,
				4348A9C4246FF58200070E1A /* AccountEditor.swift in Sources */,
				439C52862462598600E3F672 /* AppDelegate.swift in Sources */,
				4348A9CC2470149100070E1A /* PieChartView.swift in Sources */,
				439C52882462598600E3F672 /* SceneDelegate.swift in Sources */,
				4348A9C2246FF4B200070E1A /* AccountList.swift in Sources */,
				4348A9BC246FECF600070E1A /* AccountData.swift in Sources */,
			);
			runOnlyForDeploymentPostprocessing = 0;
		};
/* End PBXSourcesBuildPhase section */

/* Begin PBXVariantGroup section */
		439C52902462598700E3F672 /* LaunchScreen.storyboard */ = {
			isa = PBXVariantGroup;
			children = (
				439C52912462598700E3F672 /* Base */,
			);
			name = LaunchScreen.storyboard;
			sourceTree = "<group>";
		};
/* End PBXVariantGroup section */

/* Begin XCBuildConfiguration section */
		439C52942462598700E3F672 /* Debug */ = {
			isa = XCBuildConfiguration;
			buildSettings = {
				ALWAYS_SEARCH_USER_PATHS = NO;
				CLANG_ANALYZER_NONNULL = YES;
				CLANG_ANALYZER_NUMBER_OBJECT_CONVERSION = YES_AGGRESSIVE;
				CLANG_CXX_LANGUAGE_STANDARD = "gnu++14";
				CLANG_CXX_LIBRARY = "libc++";
				CLANG_ENABLE_MODULES = YES;
				CLANG_ENABLE_OBJC_ARC = YES;
				CLANG_ENABLE_OBJC_WEAK = YES;
				CLANG_WARN_BLOCK_CAPTURE_AUTORELEASING = YES;
				CLANG_WARN_BOOL_CONVERSION = YES;
				CLANG_WARN_COMMA = YES;
				CLANG_WARN_CONSTANT_CONVERSION = YES;
				CLANG_WARN_DEPRECATED_OBJC_IMPLEMENTATIONS = YES;
				CLANG_WARN_DIRECT_OBJC_ISA_USAGE = YES_ERROR;
				CLANG_WARN_DOCUMENTATION_COMMENTS = YES;
				CLANG_WARN_EMPTY_BODY = YES;
				CLANG_WARN_ENUM_CONVERSION = YES;
				CLANG_WARN_INFINITE_RECURSION = YES;
				CLANG_WARN_INT_CONVERSION = YES;
				CLANG_WARN_NON_LITERAL_NULL_CONVERSION = YES;
				CLANG_WARN_OBJC_IMPLICIT_RETAIN_SELF = YES;
				CLANG_WARN_OBJC_LITERAL_CONVERSION = YES;
				CLANG_WARN_OBJC_ROOT_CLASS = YES_ERROR;
				CLANG_WARN_RANGE_LOOP_ANALYSIS = YES;
				CLANG_WARN_STRICT_PROTOTYPES = YES;
				CLANG_WARN_SUSPICIOUS_MOVE = YES;
				CLANG_WARN_UNGUARDED_AVAILABILITY = YES_AGGRESSIVE;
				CLANG_WARN_UNREACHABLE_CODE = YES;
				CLANG_WARN__DUPLICATE_METHOD_MATCH = YES;
				COPY_PHASE_STRIP = NO;
				DEBUG_INFORMATION_FORMAT = dwarf;
				ENABLE_STRICT_OBJC_MSGSEND = YES;
				ENABLE_TESTABILITY = YES;
				GCC_C_LANGUAGE_STANDARD = gnu11;
				GCC_DYNAMIC_NO_PIC = NO;
				GCC_NO_COMMON_BLOCKS = YES;
				GCC_OPTIMIZATION_LEVEL = 0;
				GCC_PREPROCESSOR_DEFINITIONS = (
					"DEBUG=1",
					"$(inherited)",
				);
				GCC_WARN_64_TO_32_BIT_CONVERSION = YES;
				GCC_WARN_ABOUT_RETURN_TYPE = YES_ERROR;
				GCC_WARN_UNDECLARED_SELECTOR = YES;
				GCC_WARN_UNINITIALIZED_AUTOS = YES_AGGRESSIVE;
				GCC_WARN_UNUSED_FUNCTION = YES;
				GCC_WARN_UNUSED_VARIABLE = YES;
				IPHONEOS_DEPLOYMENT_TARGET = 13.4;
				MTL_ENABLE_DEBUG_INFO = INCLUDE_SOURCE;
				MTL_FAST_MATH = YES;
				ONLY_ACTIVE_ARCH = YES;
				SDKROOT = iphoneos;
				SWIFT_ACTIVE_COMPILATION_CONDITIONS = DEBUG;
				SWIFT_OPTIMIZATION_LEVEL = "-Onone";
			};
			name = Debug;
		};
		439C52952462598700E3F672 /* Release */ = {
			isa = XCBuildConfiguration;
			buildSettings = {
				ALWAYS_SEARCH_USER_PATHS = NO;
				CLANG_ANALYZER_NONNULL = YES;
				CLANG_ANALYZER_NUMBER_OBJECT_CONVERSION = YES_AGGRESSIVE;
				CLANG_CXX_LANGUAGE_STANDARD = "gnu++14";
				CLANG_CXX_LIBRARY = "libc++";
				CLANG_ENABLE_MODULES = YES;
				CLANG_ENABLE_OBJC_ARC = YES;
				CLANG_ENABLE_OBJC_WEAK = YES;
				CLANG_WARN_BLOCK_CAPTURE_AUTORELEASING = YES;
				CLANG_WARN_BOOL_CONVERSION = YES;
				CLANG_WARN_COMMA = YES;
				CLANG_WARN_CONSTANT_CONVERSION = YES;
				CLANG_WARN_DEPRECATED_OBJC_IMPLEMENTATIONS = YES;
				CLANG_WARN_DIRECT_OBJC_ISA_USAGE = YES_ERROR;
				CLANG_WARN_DOCUMENTATION_COMMENTS = YES;
				CLANG_WARN_EMPTY_BODY = YES;
				CLANG_WARN_ENUM_CONVERSION = YES;
				CLANG_WARN_INFINITE_RECURSION = YES;
				CLANG_WARN_INT_CONVERSION = YES;
				CLANG_WARN_NON_LITERAL_NULL_CONVERSION = YES;
				CLANG_WARN_OBJC_IMPLICIT_RETAIN_SELF = YES;
				CLANG_WARN_OBJC_LITERAL_CONVERSION = YES;
				CLANG_WARN_OBJC_ROOT_CLASS = YES_ERROR;
				CLANG_WARN_RANGE_LOOP_ANALYSIS = YES;
				CLANG_WARN_STRICT_PROTOTYPES = YES;
				CLANG_WARN_SUSPICIOUS_MOVE = YES;
				CLANG_WARN_UNGUARDED_AVAILABILITY = YES_AGGRESSIVE;
				CLANG_WARN_UNREACHABLE_CODE = YES;
				CLANG_WARN__DUPLICATE_METHOD_MATCH = YES;
				COPY_PHASE_STRIP = NO;
				DEBUG_INFORMATION_FORMAT = "dwarf-with-dsym";
				ENABLE_NS_ASSERTIONS = NO;
				ENABLE_STRICT_OBJC_MSGSEND = YES;
				GCC_C_LANGUAGE_STANDARD = gnu11;
				GCC_NO_COMMON_BLOCKS = YES;
				GCC_WARN_64_TO_32_BIT_CONVERSION = YES;
				GCC_WARN_ABOUT_RETURN_TYPE = YES_ERROR;
				GCC_WARN_UNDECLARED_SELECTOR = YES;
				GCC_WARN_UNINITIALIZED_AUTOS = YES_AGGRESSIVE;
				GCC_WARN_UNUSED_FUNCTION = YES;
				GCC_WARN_UNUSED_VARIABLE = YES;
				IPHONEOS_DEPLOYMENT_TARGET = 13.4;
				MTL_ENABLE_DEBUG_INFO = NO;
				MTL_FAST_MATH = YES;
				SDKROOT = iphoneos;
				SWIFT_COMPILATION_MODE = wholemodule;
				SWIFT_OPTIMIZATION_LEVEL = "-O";
				VALIDATE_PRODUCT = YES;
			};
			name = Release;
		};
		439C52972462598700E3F672 /* Debug */ = {
			isa = XCBuildConfiguration;
			buildSettings = {
				ASSETCATALOG_COMPILER_APPICON_NAME = AppIcon;
				CODE_SIGN_STYLE = Automatic;
				DEVELOPMENT_ASSET_PATHS = "\"CRUD/Preview Content\"";
				ENABLE_PREVIEWS = YES;
				INFOPLIST_FILE = CRUD/Info.plist;
				LD_RUNPATH_SEARCH_PATHS = (
					"$(inherited)",
					"@executable_path/Frameworks",
				);
				PRODUCT_BUNDLE_IDENTIFIER = TsuNiWan.CRUD;
				PRODUCT_NAME = "$(TARGET_NAME)";
				SWIFT_VERSION = 5.0;
				TARGETED_DEVICE_FAMILY = "1,2";
			};
			name = Debug;
		};
		439C52982462598700E3F672 /* Release */ = {
			isa = XCBuildConfiguration;
			buildSettings = {
				ASSETCATALOG_COMPILER_APPICON_NAME = AppIcon;
				CODE_SIGN_STYLE = Automatic;
				DEVELOPMENT_ASSET_PATHS = "\"CRUD/Preview Content\"";
				ENABLE_PREVIEWS = YES;
				INFOPLIST_FILE = CRUD/Info.plist;
				LD_RUNPATH_SEARCH_PATHS = (
					"$(inherited)",
					"@executable_path/Frameworks",
				);
				PRODUCT_BUNDLE_IDENTIFIER = TsuNiWan.CRUD;
				PRODUCT_NAME = "$(TARGET_NAME)";
				SWIFT_VERSION = 5.0;
				TARGETED_DEVICE_FAMILY = "1,2";
			};
			name = Release;
		};
/* End XCBuildConfiguration section */

/* Begin XCConfigurationList section */
		439C527D2462598600E3F672 /* Build configuration list for PBXProject "CRUD" */ = {
			isa = XCConfigurationList;
			buildConfigurations = (
				439C52942462598700E3F672 /* Debug */,
				439C52952462598700E3F672 /* Release */,
			);
			defaultConfigurationIsVisible = 0;
			defaultConfigurationName = Release;
		};
		439C52962462598700E3F672 /* Build configuration list for PBXNativeTarget "CRUD" */ = {
			isa = XCConfigurationList;
			buildConfigurations = (
				439C52972462598700E3F672 /* Debug */,
				439C52982462598700E3F672 /* Release */,
			);
			defaultConfigurationIsVisible = 0;
			defaultConfigurationName = Release;
		};
/* End XCConfigurationList section */
	};
	rootObject = 439C527A2462598600E3F672 /* Project object */;
}
